
Microsoft Visual Studio Solution File, Format Version 12.00
# Visual Studio Version 16
VisualStudioVersion = 16.0.31515.178
MinimumVisualStudioVersion = 10.0.40219.1
Project("{FAE04EC0-301F-11D3-BF4B-00C04F79EFBC}") = "baitap5", "baitap5.csproj", "{63DE7F39-647E-4173-95D4-4E74B02B2993}"
EndProject
Global
	GlobalSection(SolutionConfigurationPlatforms) = preSolution
		Debug|Any CPU = Debug|Any CPU
		Release|Any CPU = Release|Any CPU
	EndGlobalSection
	GlobalSection(ProjectConfigurationPlatforms) = postSolution
		{63DE7F39-647E-4173-95D4-4E74B02B2993}.Debug|Any CPU.ActiveCfg = Debug|Any CPU
		{63DE7F39-647E-4173-95D4-4E74B02B2993}.Debug|Any CPU.Build.0 = Debug|Any CPU
		{63DE7F39-647E-4173-95D4-4E74B02B2993}.Release|Any CPU.ActiveCfg = Release|Any CPU
		{63DE7F39-647E-4173-95D4-4E74B02B2993}.Release|Any CPU.Build.0 = Release|Any CPU
	EndGlobalSection
	GlobalSection(SolutionProperties) = preSolution
		HideSolutionNode = FALSE
	EndGlobalSection
	GlobalSection(ExtensibilityGlobals) = postSolution
		SolutionGuid = {4F61B7BF-13E0-456A-B815-2B245905E447}
	EndGlobalSection
EndGlobal
